
Microsoft Visual Studio Solution File, Format Version 12.00
# Visual Studio Version 16
VisualStudioVersion = 16.0.28803.352
MinimumVisualStudioVersion = 10.0.40219.1
Project("{9A19103F-16F7-4668-BE54-9A1E7A4F7556}") = "Api.Infrastructure", "Web\Api.Infrastructure\Api.Infrastructure.csproj", "{74275ABC-7ECB-4D67-AE1A-1BDBBE9D396E}"
EndProject
Project("{2150E333-8FDC-42A3-9474-1A3956D46DE8}") = "Tests", "Tests", "{DC62B07E-986B-4266-B540-1BFB3A022EA3}"
EndProject
Project("{9A19103F-16F7-4668-BE54-9A1E7A4F7556}") = "Web.Api.Core.UnitTests", "Tests\Web.Api.Core.UnitTests\Web.Api.Core.UnitTests.csproj", "{DEFF157F-C17E-4164-8FF5-581B373C397A}"
EndProject
Project("{9A19103F-16F7-4668-BE54-9A1E7A4F7556}") = "Web.Api.Infrastructure.UnitTests", "Tests\Web.Api.Infrastructure.UnitTests\Web.Api.Infrastructure.UnitTests.csproj", "{43E6F2AD-AA08-4ACA-9B76-A9DB63FA8F03}"
EndProject
Project("{9A19103F-16F7-4668-BE54-9A1E7A4F7556}") = "Authorization.Api.IntegrationTests", "Tests\Web.Api.IntegrationTests\Authorization.Api.IntegrationTests.csproj", "{A79DF616-6858-4AD5-81AD-4DB80F94C673}"
EndProject
Project("{9A19103F-16F7-4668-BE54-9A1E7A4F7556}") = "Authorization.Api.UnitTests", "Tests\Web.Api.UnitTests\Authorization.Api.UnitTests.csproj", "{407DD068-4816-4B9A-A6F9-608242927785}"
EndProject
Project("{2150E333-8FDC-42A3-9474-1A3956D46DE8}") = "Web", "Web", "{C4E9E6A4-6854-44CF-B11F-0F06B0D2AAC7}"
EndProject
Project("{2150E333-8FDC-42A3-9474-1A3956D46DE8}") = "Services", "Services", "{4EC550EE-D58A-4DE0-921F-7DC4717C9048}"
EndProject
Project("{9A19103F-16F7-4668-BE54-9A1E7A4F7556}") = "TimeTracking.Api", "Services\TimeTracking.Api\TimeTracking.Api.csproj", "{02F92C73-F113-42D8-AAA4-537AA62BEB21}"
EndProject
Project("{9A19103F-16F7-4668-BE54-9A1E7A4F7556}") = "TimeTracking.ServiceBus", "Services\TimeTracking.ServiceBus\TimeTracking.ServiceBus.csproj", "{124CDEAA-0A8F-4553-8494-D5EA90BED26D}"
EndProject
Project("{2150E333-8FDC-42A3-9474-1A3956D46DE8}") = "Domain", "Domain", "{D9306C5C-6A3A-41EA-BBB5-1ADCE9FFE35E}"
EndProject
Project("{9A19103F-16F7-4668-BE54-9A1E7A4F7556}") = "TimeTracking (Domain)", "Domain\TimeTracking\TimeTracking (Domain).csproj", "{3F4886A4-B878-4796-BD20-28F2284BFE10}"
EndProject
Project("{9A19103F-16F7-4668-BE54-9A1E7A4F7556}") = "Authorization (Domain)", "Domain\Authorization\Authorization (Domain).csproj", "{71C34489-ADAB-4968-A083-6F0C0A115576}"
EndProject
Project("{9A19103F-16F7-4668-BE54-9A1E7A4F7556}") = "Shared (Domain)", "Domain\Shared\Shared (Domain).csproj", "{5989817B-BE90-490E-92B3-C3ABF55CCCBC}"
EndProject
Project("{2150E333-8FDC-42A3-9474-1A3956D46DE8}") = "Data", "Data", "{3E75E179-6B84-4254-97CE-DC51F2221A42}"
EndProject
Project("{2150E333-8FDC-42A3-9474-1A3956D46DE8}") = "Tools", "Tools", "{C30D6035-497A-4CC2-A10B-86F0A6B4C689}"
EndProject
Project("{2150E333-8FDC-42A3-9474-1A3956D46DE8}") = "Infrastructure", "Infrastructure", "{A056FD64-A30A-4914-881C-0261AFEDBD6D}"
	ProjectSection(SolutionItems) = preProject
		Tools\Infrastructure\docker-compose.yml = Tools\Infrastructure\docker-compose.yml
	EndProjectSection
EndProject
Project("{9A19103F-16F7-4668-BE54-9A1E7A4F7556}") = "Authorization.IdentityServer", "Services\Authorization.IdentityServer\Authorization.IdentityServer.csproj", "{F6295A46-EA5D-4ECD-912B-030A6B6483D4}"
EndProject
Project("{9A19103F-16F7-4668-BE54-9A1E7A4F7556}") = "TimeTracking.Api.Tests", "TimeTracking.Api.Tests\TimeTracking.Api.Tests.csproj", "{49E925CE-7523-4997-9AB8-8FE864272DF0}"
EndProject
Project("{9A19103F-16F7-4668-BE54-9A1E7A4F7556}") = "TimeTracking (Data)", "Data\TimeTracking\TimeTracking (Data).csproj", "{64EACA25-3710-4772-8417-D8F26D916512}"
EndProject
Project("{2150E333-8FDC-42A3-9474-1A3956D46DE8}") = "Core", "Core", "{804A4676-207B-4EDB-8169-CC2FA5219DEA}"
EndProject
Project("{9A19103F-16F7-4668-BE54-9A1E7A4F7556}") = "Data (Core)", "Core\Data\Data (Core).csproj", "{E6DAA0F7-5E13-4BB1-8E02-B703A88064C2}"
EndProject
Project("{FAE04EC0-301F-11D3-BF4B-00C04F79EFBC}") = "Authorization (Data)", "Data\Authorization\Authorization (Data).csproj", "{7FB067F8-EA21-4F43-8B15-1E01D92FE14D}"
EndProject
Global
	GlobalSection(SolutionConfigurationPlatforms) = preSolution
		Debug|Any CPU = Debug|Any CPU
		Release|Any CPU = Release|Any CPU
	EndGlobalSection
	GlobalSection(ProjectConfigurationPlatforms) = postSolution
		{74275ABC-7ECB-4D67-AE1A-1BDBBE9D396E}.Debug|Any CPU.ActiveCfg = Debug|Any CPU
		{74275ABC-7ECB-4D67-AE1A-1BDBBE9D396E}.Debug|Any CPU.Build.0 = Debug|Any CPU
		{74275ABC-7ECB-4D67-AE1A-1BDBBE9D396E}.Release|Any CPU.ActiveCfg = Release|Any CPU
		{74275ABC-7ECB-4D67-AE1A-1BDBBE9D396E}.Release|Any CPU.Build.0 = Release|Any CPU
		{DEFF157F-C17E-4164-8FF5-581B373C397A}.Debug|Any CPU.ActiveCfg = Debug|Any CPU
		{DEFF157F-C17E-4164-8FF5-581B373C397A}.Debug|Any CPU.Build.0 = Debug|Any CPU
		{DEFF157F-C17E-4164-8FF5-581B373C397A}.Release|Any CPU.ActiveCfg = Release|Any CPU
		{DEFF157F-C17E-4164-8FF5-581B373C397A}.Release|Any CPU.Build.0 = Release|Any CPU
		{43E6F2AD-AA08-4ACA-9B76-A9DB63FA8F03}.Debug|Any CPU.ActiveCfg = Debug|Any CPU
		{43E6F2AD-AA08-4ACA-9B76-A9DB63FA8F03}.Debug|Any CPU.Build.0 = Debug|Any CPU
		{43E6F2AD-AA08-4ACA-9B76-A9DB63FA8F03}.Release|Any CPU.ActiveCfg = Release|Any CPU
		{43E6F2AD-AA08-4ACA-9B76-A9DB63FA8F03}.Release|Any CPU.Build.0 = Release|Any CPU
		{A79DF616-6858-4AD5-81AD-4DB80F94C673}.Debug|Any CPU.ActiveCfg = Debug|Any CPU
		{A79DF616-6858-4AD5-81AD-4DB80F94C673}.Debug|Any CPU.Build.0 = Debug|Any CPU
		{A79DF616-6858-4AD5-81AD-4DB80F94C673}.Release|Any CPU.ActiveCfg = Release|Any CPU
		{A79DF616-6858-4AD5-81AD-4DB80F94C673}.Release|Any CPU.Build.0 = Release|Any CPU
		{407DD068-4816-4B9A-A6F9-608242927785}.Debug|Any CPU.ActiveCfg = Debug|Any CPU
		{407DD068-4816-4B9A-A6F9-608242927785}.Debug|Any CPU.Build.0 = Debug|Any CPU
		{407DD068-4816-4B9A-A6F9-608242927785}.Release|Any CPU.ActiveCfg = Release|Any CPU
		{407DD068-4816-4B9A-A6F9-608242927785}.Release|Any CPU.Build.0 = Release|Any CPU
		{02F92C73-F113-42D8-AAA4-537AA62BEB21}.Debug|Any CPU.ActiveCfg = Debug|Any CPU
		{02F92C73-F113-42D8-AAA4-537AA62BEB21}.Debug|Any CPU.Build.0 = Debug|Any CPU
		{02F92C73-F113-42D8-AAA4-537AA62BEB21}.Release|Any CPU.ActiveCfg = Release|Any CPU
		{02F92C73-F113-42D8-AAA4-537AA62BEB21}.Release|Any CPU.Build.0 = Release|Any CPU
		{124CDEAA-0A8F-4553-8494-D5EA90BED26D}.Debug|Any CPU.ActiveCfg = Debug|Any CPU
		{124CDEAA-0A8F-4553-8494-D5EA90BED26D}.Debug|Any CPU.Build.0 = Debug|Any CPU
		{124CDEAA-0A8F-4553-8494-D5EA90BED26D}.Release|Any CPU.ActiveCfg = Release|Any CPU
		{124CDEAA-0A8F-4553-8494-D5EA90BED26D}.Release|Any CPU.Build.0 = Release|Any CPU
		{3F4886A4-B878-4796-BD20-28F2284BFE10}.Debug|Any CPU.ActiveCfg = Debug|Any CPU
		{3F4886A4-B878-4796-BD20-28F2284BFE10}.Debug|Any CPU.Build.0 = Debug|Any CPU
		{3F4886A4-B878-4796-BD20-28F2284BFE10}.Release|Any CPU.ActiveCfg = Release|Any CPU
		{3F4886A4-B878-4796-BD20-28F2284BFE10}.Release|Any CPU.Build.0 = Release|Any CPU
		{71C34489-ADAB-4968-A083-6F0C0A115576}.Debug|Any CPU.ActiveCfg = Debug|Any CPU
		{71C34489-ADAB-4968-A083-6F0C0A115576}.Debug|Any CPU.Build.0 = Debug|Any CPU
		{71C34489-ADAB-4968-A083-6F0C0A115576}.Release|Any CPU.ActiveCfg = Release|Any CPU
		{71C34489-ADAB-4968-A083-6F0C0A115576}.Release|Any CPU.Build.0 = Release|Any CPU
		{5989817B-BE90-490E-92B3-C3ABF55CCCBC}.Debug|Any CPU.ActiveCfg = Debug|Any CPU
		{5989817B-BE90-490E-92B3-C3ABF55CCCBC}.Debug|Any CPU.Build.0 = Debug|Any CPU
		{5989817B-BE90-490E-92B3-C3ABF55CCCBC}.Release|Any CPU.ActiveCfg = Release|Any CPU
		{5989817B-BE90-490E-92B3-C3ABF55CCCBC}.Release|Any CPU.Build.0 = Release|Any CPU
		{F6295A46-EA5D-4ECD-912B-030A6B6483D4}.Debug|Any CPU.ActiveCfg = Debug|Any CPU
		{F6295A46-EA5D-4ECD-912B-030A6B6483D4}.Debug|Any CPU.Build.0 = Debug|Any CPU
		{F6295A46-EA5D-4ECD-912B-030A6B6483D4}.Release|Any CPU.ActiveCfg = Release|Any CPU
		{F6295A46-EA5D-4ECD-912B-030A6B6483D4}.Release|Any CPU.Build.0 = Release|Any CPU
		{49E925CE-7523-4997-9AB8-8FE864272DF0}.Debug|Any CPU.ActiveCfg = Debug|Any CPU
		{49E925CE-7523-4997-9AB8-8FE864272DF0}.Debug|Any CPU.Build.0 = Debug|Any CPU
		{49E925CE-7523-4997-9AB8-8FE864272DF0}.Release|Any CPU.ActiveCfg = Release|Any CPU
		{49E925CE-7523-4997-9AB8-8FE864272DF0}.Release|Any CPU.Build.0 = Release|Any CPU
		{64EACA25-3710-4772-8417-D8F26D916512}.Debug|Any CPU.ActiveCfg = Debug|Any CPU
		{64EACA25-3710-4772-8417-D8F26D916512}.Debug|Any CPU.Build.0 = Debug|Any CPU
		{64EACA25-3710-4772-8417-D8F26D916512}.Release|Any CPU.ActiveCfg = Release|Any CPU
		{64EACA25-3710-4772-8417-D8F26D916512}.Release|Any CPU.Build.0 = Release|Any CPU
		{E6DAA0F7-5E13-4BB1-8E02-B703A88064C2}.Debug|Any CPU.ActiveCfg = Debug|Any CPU
		{E6DAA0F7-5E13-4BB1-8E02-B703A88064C2}.Debug|Any CPU.Build.0 = Debug|Any CPU
		{E6DAA0F7-5E13-4BB1-8E02-B703A88064C2}.Release|Any CPU.ActiveCfg = Release|Any CPU
		{E6DAA0F7-5E13-4BB1-8E02-B703A88064C2}.Release|Any CPU.Build.0 = Release|Any CPU
		{7FB067F8-EA21-4F43-8B15-1E01D92FE14D}.Debug|Any CPU.ActiveCfg = Debug|Any CPU
		{7FB067F8-EA21-4F43-8B15-1E01D92FE14D}.Debug|Any CPU.Build.0 = Debug|Any CPU
		{7FB067F8-EA21-4F43-8B15-1E01D92FE14D}.Release|Any CPU.ActiveCfg = Release|Any CPU
		{7FB067F8-EA21-4F43-8B15-1E01D92FE14D}.Release|Any CPU.Build.0 = Release|Any CPU
	EndGlobalSection
	GlobalSection(SolutionProperties) = preSolution
		HideSolutionNode = FALSE
	EndGlobalSection
	GlobalSection(NestedProjects) = preSolution
		{74275ABC-7ECB-4D67-AE1A-1BDBBE9D396E} = {C4E9E6A4-6854-44CF-B11F-0F06B0D2AAC7}
		{DEFF157F-C17E-4164-8FF5-581B373C397A} = {DC62B07E-986B-4266-B540-1BFB3A022EA3}
		{43E6F2AD-AA08-4ACA-9B76-A9DB63FA8F03} = {DC62B07E-986B-4266-B540-1BFB3A022EA3}
		{A79DF616-6858-4AD5-81AD-4DB80F94C673} = {DC62B07E-986B-4266-B540-1BFB3A022EA3}
		{407DD068-4816-4B9A-A6F9-608242927785} = {DC62B07E-986B-4266-B540-1BFB3A022EA3}
		{02F92C73-F113-42D8-AAA4-537AA62BEB21} = {4EC550EE-D58A-4DE0-921F-7DC4717C9048}
		{124CDEAA-0A8F-4553-8494-D5EA90BED26D} = {4EC550EE-D58A-4DE0-921F-7DC4717C9048}
		{3F4886A4-B878-4796-BD20-28F2284BFE10} = {D9306C5C-6A3A-41EA-BBB5-1ADCE9FFE35E}
		{71C34489-ADAB-4968-A083-6F0C0A115576} = {D9306C5C-6A3A-41EA-BBB5-1ADCE9FFE35E}
		{5989817B-BE90-490E-92B3-C3ABF55CCCBC} = {D9306C5C-6A3A-41EA-BBB5-1ADCE9FFE35E}
		{A056FD64-A30A-4914-881C-0261AFEDBD6D} = {C30D6035-497A-4CC2-A10B-86F0A6B4C689}
		{F6295A46-EA5D-4ECD-912B-030A6B6483D4} = {4EC550EE-D58A-4DE0-921F-7DC4717C9048}
		{49E925CE-7523-4997-9AB8-8FE864272DF0} = {DC62B07E-986B-4266-B540-1BFB3A022EA3}
		{64EACA25-3710-4772-8417-D8F26D916512} = {3E75E179-6B84-4254-97CE-DC51F2221A42}
		{E6DAA0F7-5E13-4BB1-8E02-B703A88064C2} = {804A4676-207B-4EDB-8169-CC2FA5219DEA}
		{7FB067F8-EA21-4F43-8B15-1E01D92FE14D} = {3E75E179-6B84-4254-97CE-DC51F2221A42}
	EndGlobalSection
	GlobalSection(ExtensibilityGlobals) = postSolution
		SolutionGuid = {93E35E30-C940-4DC3-A97E-420198B4B929}
	EndGlobalSection
EndGlobal
